
Microsoft Visual Studio Solution File, Format Version 12.00
# Visual Studio Version 17
VisualStudioVersion = 17.11.35222.181
MinimumVisualStudioVersion = 10.0.40219.1
Project("{FAE04EC0-301F-11D3-BF4B-00C04F79EFBC}") = "2all5", "2all5.csproj", "{CEFB5AA2-E8D8-4FC9-B68F-8D1B350D7A91}"
EndProject
Global
	GlobalSection(SolutionConfigurationPlatforms) = preSolution
		Debug|Any CPU = Debug|Any CPU
		Release|Any CPU = Release|Any CPU
	EndGlobalSection
	GlobalSection(ProjectConfigurationPlatforms) = postSolution
		{CEFB5AA2-E8D8-4FC9-B68F-8D1B350D7A91}.Debug|Any CPU.ActiveCfg = Debug|Any CPU
		{CEFB5AA2-E8D8-4FC9-B68F-8D1B350D7A91}.Debug|Any CPU.Build.0 = Debug|Any CPU
		{CEFB5AA2-E8D8-4FC9-B68F-8D1B350D7A91}.Release|Any CPU.ActiveCfg = Release|Any CPU
		{CEFB5AA2-E8D8-4FC9-B68F-8D1B350D7A91}.Release|Any CPU.Build.0 = Release|Any CPU
	EndGlobalSection
	GlobalSection(SolutionProperties) = preSolution
		HideSolutionNode = FALSE
	EndGlobalSection
	GlobalSection(ExtensibilityGlobals) = postSolution
		SolutionGuid = {AD1BBBA9-4A51-4B50-8DFC-F14F7AE2279D}
	EndGlobalSection
EndGlobal
